// !$*UTF8*$!
{
	archiveVersion = 1;
	classes = {
	};
	objectVersion = 55;
	objects = {

/* Begin PBXBuildFile section */
		D78C0F3127EF468600D34ABA /* blue.png in Resources */ = {isa = PBXBuildFile; fileRef = D78C0F2F27EF468600D34ABA /* blue.png */; };
		D78C0F3227EF468600D34ABA /* mint.png in Resources */ = {isa = PBXBuildFile; fileRef = D78C0F3027EF468600D34ABA /* mint.png */; };
		D7B3F5DA27EDE20F00916BC4 /* AppDelegate.swift in Sources */ = {isa = PBXBuildFile; fileRef = D7B3F5D927EDE20F00916BC4 /* AppDelegate.swift */; };
		D7B3F5DC27EDE20F00916BC4 /* SceneDelegate.swift in Sources */ = {isa = PBXBuildFile; fileRef = D7B3F5DB27EDE20F00916BC4 /* SceneDelegate.swift */; };
		D7B3F5DE27EDE20F00916BC4 /* ViewController.swift in Sources */ = {isa = PBXBuildFile; fileRef = D7B3F5DD27EDE20F00916BC4 /* ViewController.swift */; };
		D7B3F5E127EDE20F00916BC4 /* Main.storyboard in Resources */ = {isa = PBXBuildFile; fileRef = D7B3F5DF27EDE20F00916BC4 /* Main.storyboard */; };
		D7B3F5E327EDE21100916BC4 /* Assets.xcassets in Resources */ = {isa = PBXBuildFile; fileRef = D7B3F5E227EDE21100916BC4 /* Assets.xcassets */; };
		D7B3F5E627EDE21100916BC4 /* LaunchScreen.storyboard in Resources */ = {isa = PBXBuildFile; fileRef = D7B3F5E427EDE21100916BC4 /* LaunchScreen.storyboard */; };
		D7B3F5F027EDE24500916BC4 /* 5.JPG in Resources */ = {isa = PBXBuildFile; fileRef = D7B3F5ED27EDE24500916BC4 /* 5.JPG */; };
		D7B3F5F127EDE24500916BC4 /* 6.JPG in Resources */ = {isa = PBXBuildFile; fileRef = D7B3F5EE27EDE24500916BC4 /* 6.JPG */; };
		D7B3F5F227EDE24500916BC4 /* 4.JPG in Resources */ = {isa = PBXBuildFile; fileRef = D7B3F5EF27EDE24500916BC4 /* 4.JPG */; };
/* End PBXBuildFile section */

/* Begin PBXFileReference section */
		D78C0F2F27EF468600D34ABA /* blue.png */ = {isa = PBXFileReference; lastKnownFileType = image.png; path = blue.png; sourceTree = "<group>"; };
		D78C0F3027EF468600D34ABA /* mint.png */ = {isa = PBXFileReference; lastKnownFileType = image.png; path = mint.png; sourceTree = "<group>"; };
		D7B3F5D627EDE20F00916BC4 /* ViewTest01.app */ = {isa = PBXFileReference; explicitFileType = wrapper.application; includeInIndex = 0; path = ViewTest01.app; sourceTree = BUILT_PRODUCTS_DIR; };
		D7B3F5D927EDE20F00916BC4 /* AppDelegate.swift */ = {isa = PBXFileReference; lastKnownFileType = sourcecode.swift; path = AppDelegate.swift; sourceTree = "<group>"; };
		D7B3F5DB27EDE20F00916BC4 /* SceneDelegate.swift */ = {isa = PBXFileReference; lastKnownFileType = sourcecode.swift; path = SceneDelegate.swift; sourceTree = "<group>"; };
		D7B3F5DD27EDE20F00916BC4 /* ViewController.swift */ = {isa = PBXFileReference; lastKnownFileType = sourcecode.swift; path = ViewController.swift; sourceTree = "<group>"; };
		D7B3F5E027EDE20F00916BC4 /* Base */ = {isa = PBXFileReference; lastKnownFileType = file.storyboard; name = Base; path = Base.lproj/Main.storyboard; sourceTree = "<group>"; };
		D7B3F5E227EDE21100916BC4 /* Assets.xcassets */ = {isa = PBXFileReference; lastKnownFileType = folder.assetcatalog; path = Assets.xcassets; sourceTree = "<group>"; };
		D7B3F5E527EDE21100916BC4 /* Base */ = {isa = PBXFileReference; lastKnownFileType = file.storyboard; name = Base; path = Base.lproj/LaunchScreen.storyboard; sourceTree = "<group>"; };
		D7B3F5E727EDE21100916BC4 /* Info.plist */ = {isa = PBXFileReference; lastKnownFileType = text.plist.xml; path = Info.plist; sourceTree = "<group>"; };
		D7B3F5ED27EDE24500916BC4 /* 5.JPG */ = {isa = PBXFileReference; lastKnownFileType = image.jpeg; path = 5.JPG; sourceTree = "<group>"; };
		D7B3F5EE27EDE24500916BC4 /* 6.JPG */ = {isa = PBXFileReference; lastKnownFileType = image.jpeg; path = 6.JPG; sourceTree = "<group>"; };
		D7B3F5EF27EDE24500916BC4 /* 4.JPG */ = {isa = PBXFileReference; lastKnownFileType = image.jpeg; path = 4.JPG; sourceTree = "<group>"; };
/* End PBXFileReference section */

/* Begin PBXFrameworksBuildPhase section */
		D7B3F5D327EDE20E00916BC4 /* Frameworks */ = {
			isa = PBXFrameworksBuildPhase;
			buildActionMask = 2147483647;
			files = (
			);
			runOnlyForDeploymentPostprocessing = 0;
		};
/* End PBXFrameworksBuildPhase section */

/* Begin PBXGroup section */
		D7B3F5CD27EDE20E00916BC4 = {
			isa = PBXGroup;
			children = (
				D7B3F5D827EDE20F00916BC4 /* ViewTest01 */,
				D7B3F5D727EDE20F00916BC4 /* Products */,
			);
			sourceTree = "<group>";
		};
		D7B3F5D727EDE20F00916BC4 /* Products */ = {
			isa = PBXGroup;
			children = (
				D7B3F5D627EDE20F00916BC4 /* ViewTest01.app */,
			);
			name = Products;
			sourceTree = "<group>";
		};
		D7B3F5D827EDE20F00916BC4 /* ViewTest01 */ = {
			isa = PBXGroup;
			children = (
				D78C0F2F27EF468600D34ABA /* blue.png */,
				D78C0F3027EF468600D34ABA /* mint.png */,
				D7B3F5EF27EDE24500916BC4 /* 4.JPG */,
				D7B3F5ED27EDE24500916BC4 /* 5.JPG */,
				D7B3F5EE27EDE24500916BC4 /* 6.JPG */,
				D7B3F5D927EDE20F00916BC4 /* AppDelegate.swift */,
				D7B3F5DB27EDE20F00916BC4 /* SceneDelegate.swift */,
				D7B3F5DD27EDE20F00916BC4 /* ViewController.swift */,
				D7B3F5DF27EDE20F00916BC4 /* Main.storyboard */,
				D7B3F5E227EDE21100916BC4 /* Assets.xcassets */,
				D7B3F5E427EDE21100916BC4 /* LaunchScreen.storyboard */,
				D7B3F5E727EDE21100916BC4 /* Info.plist */,
			);
			path = ViewTest01;
			sourceTree = "<group>";
		};
/* End PBXGroup section */

/* Begin PBXNativeTarget section */
		D7B3F5D527EDE20E00916BC4 /* ViewTest01 */ = {
			isa = PBXNativeTarget;
			buildConfigurationList = D7B3F5EA27EDE21100916BC4 /* Build configuration list for PBXNativeTarget "ViewTest01" */;
			buildPhases = (
				D7B3F5D227EDE20E00916BC4 /* Sources */,
				D7B3F5D327EDE20E00916BC4 /* Frameworks */,
				D7B3F5D427EDE20E00916BC4 /* Resources */,
			);
			buildRules = (
			);
			dependencies = (
			);
			name = ViewTest01;
			productName = ViewTest01;
			productReference = D7B3F5D627EDE20F00916BC4 /* ViewTest01.app */;
			productType = "com.apple.product-type.application";
		};
/* End PBXNativeTarget section */

/* Begin PBXProject section */
		D7B3F5CE27EDE20E00916BC4 /* Project object */ = {
			isa = PBXProject;
			attributes = {
				BuildIndependentTargetsInParallel = 1;
				LastSwiftUpdateCheck = 1330;
				LastUpgradeCheck = 1330;
				TargetAttributes = {
					D7B3F5D527EDE20E00916BC4 = {
						CreatedOnToolsVersion = 13.3;
					};
				};
			};
			buildConfigurationList = D7B3F5D127EDE20E00916BC4 /* Build configuration list for PBXProject "ViewTest01" */;
			compatibilityVersion = "Xcode 13.0";
			developmentRegion = en;
			hasScannedForEncodings = 0;
			knownRegions = (
				en,
				Base,
			);
			mainGroup = D7B3F5CD27EDE20E00916BC4;
			productRefGroup = D7B3F5D727EDE20F00916BC4 /* Products */;
			projectDirPath = "";
			projectRoot = "";
			targets = (
				D7B3F5D527EDE20E00916BC4 /* ViewTest01 */,
			);
		};
/* End PBXProject section */

/* Begin PBXResourcesBuildPhase section */
		D7B3F5D427EDE20E00916BC4 /* Resources */ = {
			isa = PBXResourcesBuildPhase;
			buildActionMask = 2147483647;
			files = (
				D7B3F5F227EDE24500916BC4 /* 4.JPG in Resources */,
				D7B3F5E627EDE21100916BC4 /* LaunchScreen.storyboard in Resources */,
				D7B3F5F027EDE24500916BC4 /* 5.JPG in Resources */,
				D78C0F3227EF468600D34ABA /* mint.png in Resources */,
				D7B3F5F127EDE24500916BC4 /* 6.JPG in Resources */,
				D7B3F5E327EDE21100916BC4 /* Assets.xcassets in Resources */,
				D78C0F3127EF468600D34ABA /* blue.png in Resources */,
				D7B3F5E127EDE20F00916BC4 /* Main.storyboard in Resources */,
			);
			runOnlyForDeploymentPostprocessing = 0;
		};
/* End PBXResourcesBuildPhase section */

/* Begin PBXSourcesBuildPhase section */
		D7B3F5D227EDE20E00916BC4 /* Sources */ = {
			isa = PBXSourcesBuildPhase;
			buildActionMask = 2147483647;
			files = (
				D7B3F5DE27EDE20F00916BC4 /* ViewController.swift in Sources */,
				D7B3F5DA27EDE20F00916BC4 /* AppDelegate.swift in Sources */,
				D7B3F5DC27EDE20F00916BC4 /* SceneDelegate.swift in Sources */,
			);
			runOnlyForDeploymentPostprocessing = 0;
		};
/* End PBXSourcesBuildPhase section */

/* Begin PBXVariantGroup section */
		D7B3F5DF27EDE20F00916BC4 /* Main.storyboard */ = {
			isa = PBXVariantGroup;
			children = (
				D7B3F5E027EDE20F00916BC4 /* Base */,
			);
			name = Main.storyboard;
			sourceTree = "<group>";
		};
		D7B3F5E427EDE21100916BC4 /* LaunchScreen.storyboard */ = {
			isa = PBXVariantGroup;
			children = (
				D7B3F5E527EDE21100916BC4 /* Base */,
			);
			name = LaunchScreen.storyboard;
			sourceTree = "<group>";
		};
/* End PBXVariantGroup section */

/* Begin XCBuildConfiguration section */
		D7B3F5E827EDE21100916BC4 /* Debug */ = {
			isa = XCBuildConfiguration;
			buildSettings = {
				ALWAYS_SEARCH_USER_PATHS = NO;
				CLANG_ANALYZER_NONNULL = YES;
				CLANG_ANALYZER_NUMBER_OBJECT_CONVERSION = YES_AGGRESSIVE;
				CLANG_CXX_LANGUAGE_STANDARD = "gnu++17";
				CLANG_ENABLE_MODULES = YES;
				CLANG_ENABLE_OBJC_ARC = YES;
				CLANG_ENABLE_OBJC_WEAK = YES;
				CLANG_WARN_BLOCK_CAPTURE_AUTORELEASING = YES;
				CLANG_WARN_BOOL_CONVERSION = YES;
				CLANG_WARN_COMMA = YES;
				CLANG_WARN_CONSTANT_CONVERSION = YES;
				CLANG_WARN_DEPRECATED_OBJC_IMPLEMENTATIONS = YES;
				CLANG_WARN_DIRECT_OBJC_ISA_USAGE = YES_ERROR;
				CLANG_WARN_DOCUMENTATION_COMMENTS = YES;
				CLANG_WARN_EMPTY_BODY = YES;
				CLANG_WARN_ENUM_CONVERSION = YES;
				CLANG_WARN_INFINITE_RECURSION = YES;
				CLANG_WARN_INT_CONVERSION = YES;
				CLANG_WARN_NON_LITERAL_NULL_CONVERSION = YES;
				CLANG_WARN_OBJC_IMPLICIT_RETAIN_SELF = YES;
				CLANG_WARN_OBJC_LITERAL_CONVERSION = YES;
				CLANG_WARN_OBJC_ROOT_CLASS = YES_ERROR;
				CLANG_WARN_QUOTED_INCLUDE_IN_FRAMEWORK_HEADER = YES;
				CLANG_WARN_RANGE_LOOP_ANALYSIS = YES;
				CLANG_WARN_STRICT_PROTOTYPES = YES;
				CLANG_WARN_SUSPICIOUS_MOVE = YES;
				CLANG_WARN_UNGUARDED_AVAILABILITY = YES_AGGRESSIVE;
				CLANG_WARN_UNREACHABLE_CODE = YES;
				CLANG_WARN__DUPLICATE_METHOD_MATCH = YES;
				COPY_PHASE_STRIP = NO;
				DEBUG_INFORMATION_FORMAT = dwarf;
				ENABLE_STRICT_OBJC_MSGSEND = YES;
				ENABLE_TESTABILITY = YES;
				GCC_C_LANGUAGE_STANDARD = gnu11;
				GCC_DYNAMIC_NO_PIC = NO;
				GCC_NO_COMMON_BLOCKS = YES;
				GCC_OPTIMIZATION_LEVEL = 0;
				GCC_PREPROCESSOR_DEFINITIONS = (
					"DEBUG=1",
					"$(inherited)",
				);
				GCC_WARN_64_TO_32_BIT_CONVERSION = YES;
				GCC_WARN_ABOUT_RETURN_TYPE = YES_ERROR;
				GCC_WARN_UNDECLARED_SELECTOR = YES;
				GCC_WARN_UNINITIALIZED_AUTOS = YES_AGGRESSIVE;
				GCC_WARN_UNUSED_FUNCTION = YES;
				GCC_WARN_UNUSED_VARIABLE = YES;
				IPHONEOS_DEPLOYMENT_TARGET = 15.4;
				MTL_ENABLE_DEBUG_INFO = INCLUDE_SOURCE;
				MTL_FAST_MATH = YES;
				ONLY_ACTIVE_ARCH = YES;
				SDKROOT = iphoneos;
				SWIFT_ACTIVE_COMPILATION_CONDITIONS = DEBUG;
				SWIFT_OPTIMIZATION_LEVEL = "-Onone";
			};
			name = Debug;
		};
		D7B3F5E927EDE21100916BC4 /* Release */ = {
			isa = XCBuildConfiguration;
			buildSettings = {
				ALWAYS_SEARCH_USER_PATHS = NO;
				CLANG_ANALYZER_NONNULL = YES;
				CLANG_ANALYZER_NUMBER_OBJECT_CONVERSION = YES_AGGRESSIVE;
				CLANG_CXX_LANGUAGE_STANDARD = "gnu++17";
				CLANG_ENABLE_MODULES = YES;
				CLANG_ENABLE_OBJC_ARC = YES;
				CLANG_ENABLE_OBJC_WEAK = YES;
				CLANG_WARN_BLOCK_CAPTURE_AUTORELEASING = YES;
				CLANG_WARN_BOOL_CONVERSION = YES;
				CLANG_WARN_COMMA = YES;
				CLANG_WARN_CONSTANT_CONVERSION = YES;
				CLANG_WARN_DEPRECATED_OBJC_IMPLEMENTATIONS = YES;
				CLANG_WARN_DIRECT_OBJC_ISA_USAGE = YES_ERROR;
				CLANG_WARN_DOCUMENTATION_COMMENTS = YES;
				CLANG_WARN_EMPTY_BODY = YES;
				CLANG_WARN_ENUM_CONVERSION = YES;
				CLANG_WARN_INFINITE_RECURSION = YES;
				CLANG_WARN_INT_CONVERSION = YES;
				CLANG_WARN_NON_LITERAL_NULL_CONVERSION = YES;
				CLANG_WARN_OBJC_IMPLICIT_RETAIN_SELF = YES;
				CLANG_WARN_OBJC_LITERAL_CONVERSION = YES;
				CLANG_WARN_OBJC_ROOT_CLASS = YES_ERROR;
				CLANG_WARN_QUOTED_INCLUDE_IN_FRAMEWORK_HEADER = YES;
				CLANG_WARN_RANGE_LOOP_ANALYSIS = YES;
				CLANG_WARN_STRICT_PROTOTYPES = YES;
				CLANG_WARN_SUSPICIOUS_MOVE = YES;
				CLANG_WARN_UNGUARDED_AVAILABILITY = YES_AGGRESSIVE;
				CLANG_WARN_UNREACHABLE_CODE = YES;
				CLANG_WARN__DUPLICATE_METHOD_MATCH = YES;
				COPY_PHASE_STRIP = NO;
				DEBUG_INFORMATION_FORMAT = "dwarf-with-dsym";
				ENABLE_NS_ASSERTIONS = NO;
				ENABLE_STRICT_OBJC_MSGSEND = YES;
				GCC_C_LANGUAGE_STANDARD = gnu11;
				GCC_NO_COMMON_BLOCKS = YES;
				GCC_WARN_64_TO_32_BIT_CONVERSION = YES;
				GCC_WARN_ABOUT_RETURN_TYPE = YES_ERROR;
				GCC_WARN_UNDECLARED_SELECTOR = YES;
				GCC_WARN_UNINITIALIZED_AUTOS = YES_AGGRESSIVE;
				GCC_WARN_UNUSED_FUNCTION = YES;
				GCC_WARN_UNUSED_VARIABLE = YES;
				IPHONEOS_DEPLOYMENT_TARGET = 15.4;
				MTL_ENABLE_DEBUG_INFO = NO;
				MTL_FAST_MATH = YES;
				SDKROOT = iphoneos;
				SWIFT_COMPILATION_MODE = wholemodule;
				SWIFT_OPTIMIZATION_LEVEL = "-O";
				VALIDATE_PRODUCT = YES;
			};
			name = Release;
		};
		D7B3F5EB27EDE21100916BC4 /* Debug */ = {
			isa = XCBuildConfiguration;
			buildSettings = {
				ASSETCATALOG_COMPILER_APPICON_NAME = AppIcon;
				ASSETCATALOG_COMPILER_GLOBAL_ACCENT_COLOR_NAME = AccentColor;
				CODE_SIGN_STYLE = Automatic;
				CURRENT_PROJECT_VERSION = 1;
				DEVELOPMENT_TEAM = 7KFTL66425;
				GENERATE_INFOPLIST_FILE = YES;
				INFOPLIST_FILE = ViewTest01/Info.plist;
				INFOPLIST_KEY_UIApplicationSupportsIndirectInputEvents = YES;
				INFOPLIST_KEY_UILaunchStoryboardName = LaunchScreen;
				INFOPLIST_KEY_UIMainStoryboardFile = Main;
				INFOPLIST_KEY_UISupportedInterfaceOrientations = "UIInterfaceOrientationPortrait UIInterfaceOrientationLandscapeLeft UIInterfaceOrientationLandscapeRight";
				INFOPLIST_KEY_UISupportedInterfaceOrientations_iPad = "UIInterfaceOrientationPortrait UIInterfaceOrientationPortraitUpsideDown UIInterfaceOrientationLandscapeLeft UIInterfaceOrientationLandscapeRight";
				INFOPLIST_KEY_UISupportedInterfaceOrientations_iPhone = "UIInterfaceOrientationPortrait UIInterfaceOrientationLandscapeLeft UIInterfaceOrientationLandscapeRight";
				LD_RUNPATH_SEARCH_PATHS = (
					"$(inherited)",
					"@executable_path/Frameworks",
				);
				MARKETING_VERSION = 1.0;
				PRODUCT_BUNDLE_IDENTIFIER = Home.ViewTest01;
				PRODUCT_NAME = "$(TARGET_NAME)";
				SWIFT_EMIT_LOC_STRINGS = YES;
				SWIFT_VERSION = 5.0;
				TARGETED_DEVICE_FAMILY = "1,2";
			};
			name = Debug;
		};
		D7B3F5EC27EDE21100916BC4 /* Release */ = {
			isa = XCBuildConfiguration;
			buildSettings = {
				ASSETCATALOG_COMPILER_APPICON_NAME = AppIcon;
				ASSETCATALOG_COMPILER_GLOBAL_ACCENT_COLOR_NAME = AccentColor;
				CODE_SIGN_STYLE = Automatic;
				CURRENT_PROJECT_VERSION = 1;
				DEVELOPMENT_TEAM = 7KFTL66425;
				GENERATE_INFOPLIST_FILE = YES;
				INFOPLIST_FILE = ViewTest01/Info.plist;
				INFOPLIST_KEY_UIApplicationSupportsIndirectInputEvents = YES;
				INFOPLIST_KEY_UILaunchStoryboardName = LaunchScreen;
				INFOPLIST_KEY_UIMainStoryboardFile = Main;
				INFOPLIST_KEY_UISupportedInterfaceOrientations = "UIInterfaceOrientationPortrait UIInterfaceOrientationLandscapeLeft UIInterfaceOrientationLandscapeRight";
				INFOPLIST_KEY_UISupportedInterfaceOrientations_iPad = "UIInterfaceOrientationPortrait UIInterfaceOrientationPortraitUpsideDown UIInterfaceOrientationLandscapeLeft UIInterfaceOrientationLandscapeRight";
				INFOPLIST_KEY_UISupportedInterfaceOrientations_iPhone = "UIInterfaceOrientationPortrait UIInterfaceOrientationLandscapeLeft UIInterfaceOrientationLandscapeRight";
				LD_RUNPATH_SEARCH_PATHS = (
					"$(inherited)",
					"@executable_path/Frameworks",
				);
				MARKETING_VERSION = 1.0;
				PRODUCT_BUNDLE_IDENTIFIER = Home.ViewTest01;
				PRODUCT_NAME = "$(TARGET_NAME)";
				SWIFT_EMIT_LOC_STRINGS = YES;
				SWIFT_VERSION = 5.0;
				TARGETED_DEVICE_FAMILY = "1,2";
			};
			name = Release;
		};
/* End XCBuildConfiguration section */

/* Begin XCConfigurationList section */
		D7B3F5D127EDE20E00916BC4 /* Build configuration list for PBXProject "ViewTest01" */ = {
			isa = XCConfigurationList;
			buildConfigurations = (
				D7B3F5E827EDE21100916BC4 /* Debug */,
				D7B3F5E927EDE21100916BC4 /* Release */,
			);
			defaultConfigurationIsVisible = 0;
			defaultConfigurationName = Release;
		};
		D7B3F5EA27EDE21100916BC4 /* Build configuration list for PBXNativeTarget "ViewTest01" */ = {
			isa = XCConfigurationList;
			buildConfigurations = (
				D7B3F5EB27EDE21100916BC4 /* Debug */,
				D7B3F5EC27EDE21100916BC4 /* Release */,
			);
			defaultConfigurationIsVisible = 0;
			defaultConfigurationName = Release;
		};
/* End XCConfigurationList section */
	};
	rootObject = D7B3F5CE27EDE20E00916BC4 /* Project object */;
}
